
Microsoft Visual Studio Solution File, Format Version 12.00
# Visual Studio 15
VisualStudioVersion = 15.0.27428.2037
MinimumVisualStudioVersion = 10.0.40219.1
Project("{159641D6-6404-4A2A-AE62-294DE0FE8301}") = "hd_integ", "hd_integ\hd_integ.dtproj", "{1D9E8C4C-85F5-4FEE-9C34-72C9828603D3}"
EndProject
Project("{D2ABAB84-BF74-430A-B69E-9DC6D40DDA17}") = "ViewershipAnalysisServices", "ViewershipAnalysisServices\ViewershipAnalysisServices.dwproj", "{55865E2F-744E-4C24-9F66-519A1CD18718}"
EndProject
Global
	GlobalSection(SolutionConfigurationPlatforms) = preSolution
		Development|Default = Development|Default
	EndGlobalSection
	GlobalSection(ProjectConfigurationPlatforms) = postSolution
		{1D9E8C4C-85F5-4FEE-9C34-72C9828603D3}.Development|Default.ActiveCfg = Development
		{1D9E8C4C-85F5-4FEE-9C34-72C9828603D3}.Development|Default.Build.0 = Development
		{55865E2F-744E-4C24-9F66-519A1CD18718}.Development|Default.ActiveCfg = Development
		{55865E2F-744E-4C24-9F66-519A1CD18718}.Development|Default.Build.0 = Development
		{55865E2F-744E-4C24-9F66-519A1CD18718}.Development|Default.Deploy.0 = Development
	EndGlobalSection
	GlobalSection(SolutionProperties) = preSolution
		HideSolutionNode = FALSE
	EndGlobalSection
	GlobalSection(ExtensibilityGlobals) = postSolution
		SolutionGuid = {FC86AFF6-88C3-4148-9828-6CD23FE67862}
	EndGlobalSection
EndGlobal
